
Microsoft Visual Studio Solution File, Format Version 12.00
# Visual Studio Version 17
VisualStudioVersion = 17.5.33516.290
MinimumVisualStudioVersion = 10.0.40219.1
Project("{FAE04EC0-301F-11D3-BF4B-00C04F79EFBC}") = "eTickets", "eTickets\eTickets.csproj", "{76AB4DA9-9C90-47C0-A25B-8EE3721ACCB0}"
EndProject
Global
	GlobalSection(SolutionConfigurationPlatforms) = preSolution
		Debug|Any CPU = Debug|Any CPU
		Release|Any CPU = Release|Any CPU
	EndGlobalSection
	GlobalSection(ProjectConfigurationPlatforms) = postSolution
		{76AB4DA9-9C90-47C0-A25B-8EE3721ACCB0}.Debug|Any CPU.ActiveCfg = Debug|Any CPU
		{76AB4DA9-9C90-47C0-A25B-8EE3721ACCB0}.Debug|Any CPU.Build.0 = Debug|Any CPU
		{76AB4DA9-9C90-47C0-A25B-8EE3721ACCB0}.Release|Any CPU.ActiveCfg = Release|Any CPU
		{76AB4DA9-9C90-47C0-A25B-8EE3721ACCB0}.Release|Any CPU.Build.0 = Release|Any CPU
	EndGlobalSection
	GlobalSection(SolutionProperties) = preSolution
		HideSolutionNode = FALSE
	EndGlobalSection
	GlobalSection(ExtensibilityGlobals) = postSolution
		SolutionGuid = {820602F9-F952-4F09-8A6A-EBBBE541EA44}
	EndGlobalSection
EndGlobal
